
Microsoft Visual Studio Solution File, Format Version 12.00
# Visual Studio Version 16
VisualStudioVersion = 16.0.31025.218
MinimumVisualStudioVersion = 10.0.40219.1
Project("{FAE04EC0-301F-11D3-BF4B-00C04F79EFBC}") = "FromTheStart.iOS", "FromTheStart\FromTheStart.iOS\FromTheStart.iOS.csproj", "{5A24DD91-1CFC-4EE6-BA9A-E989C396C70E}"
EndProject
Project("{FAE04EC0-301F-11D3-BF4B-00C04F79EFBC}") = "FromTheStart", "FromTheStart\FromTheStart\FromTheStart.csproj", "{E2D97933-FD37-4292-ACFC-DC55930F582F}"
EndProject
Global
	GlobalSection(SolutionConfigurationPlatforms) = preSolution
		Debug|Any CPU = Debug|Any CPU
		Debug|iPhone = Debug|iPhone
		Debug|iPhoneSimulator = Debug|iPhoneSimulator
		Release|Any CPU = Release|Any CPU
		Release|iPhone = Release|iPhone
		Release|iPhoneSimulator = Release|iPhoneSimulator
	EndGlobalSection
	GlobalSection(ProjectConfigurationPlatforms) = postSolution
		{5A24DD91-1CFC-4EE6-BA9A-E989C396C70E}.Debug|Any CPU.ActiveCfg = Debug|iPhoneSimulator
		{5A24DD91-1CFC-4EE6-BA9A-E989C396C70E}.Debug|Any CPU.Build.0 = Debug|iPhoneSimulator
		{5A24DD91-1CFC-4EE6-BA9A-E989C396C70E}.Debug|Any CPU.Deploy.0 = Debug|iPhoneSimulator
		{5A24DD91-1CFC-4EE6-BA9A-E989C396C70E}.Debug|iPhone.ActiveCfg = Debug|iPhone
		{5A24DD91-1CFC-4EE6-BA9A-E989C396C70E}.Debug|iPhone.Build.0 = Debug|iPhone
		{5A24DD91-1CFC-4EE6-BA9A-E989C396C70E}.Debug|iPhone.Deploy.0 = Debug|iPhone
		{5A24DD91-1CFC-4EE6-BA9A-E989C396C70E}.Debug|iPhoneSimulator.ActiveCfg = Debug|iPhoneSimulator
		{5A24DD91-1CFC-4EE6-BA9A-E989C396C70E}.Debug|iPhoneSimulator.Build.0 = Debug|iPhoneSimulator
		{5A24DD91-1CFC-4EE6-BA9A-E989C396C70E}.Debug|iPhoneSimulator.Deploy.0 = Debug|iPhoneSimulator
		{5A24DD91-1CFC-4EE6-BA9A-E989C396C70E}.Release|Any CPU.ActiveCfg = Release|iPhoneSimulator
		{5A24DD91-1CFC-4EE6-BA9A-E989C396C70E}.Release|Any CPU.Build.0 = Release|iPhoneSimulator
		{5A24DD91-1CFC-4EE6-BA9A-E989C396C70E}.Release|Any CPU.Deploy.0 = Release|iPhoneSimulator
		{5A24DD91-1CFC-4EE6-BA9A-E989C396C70E}.Release|iPhone.ActiveCfg = Release|iPhone
		{5A24DD91-1CFC-4EE6-BA9A-E989C396C70E}.Release|iPhone.Build.0 = Release|iPhone
		{5A24DD91-1CFC-4EE6-BA9A-E989C396C70E}.Release|iPhone.Deploy.0 = Release|iPhone
		{5A24DD91-1CFC-4EE6-BA9A-E989C396C70E}.Release|iPhoneSimulator.ActiveCfg = Release|iPhoneSimulator
		{5A24DD91-1CFC-4EE6-BA9A-E989C396C70E}.Release|iPhoneSimulator.Build.0 = Release|iPhoneSimulator
		{5A24DD91-1CFC-4EE6-BA9A-E989C396C70E}.Release|iPhoneSimulator.Deploy.0 = Release|iPhoneSimulator
		{E2D97933-FD37-4292-ACFC-DC55930F582F}.Debug|Any CPU.ActiveCfg = Debug|Any CPU
		{E2D97933-FD37-4292-ACFC-DC55930F582F}.Debug|Any CPU.Build.0 = Debug|Any CPU
		{E2D97933-FD37-4292-ACFC-DC55930F582F}.Debug|Any CPU.Deploy.0 = Debug|Any CPU
		{E2D97933-FD37-4292-ACFC-DC55930F582F}.Debug|iPhone.ActiveCfg = Debug|Any CPU
		{E2D97933-FD37-4292-ACFC-DC55930F582F}.Debug|iPhone.Build.0 = Debug|Any CPU
		{E2D97933-FD37-4292-ACFC-DC55930F582F}.Debug|iPhone.Deploy.0 = Debug|Any CPU
		{E2D97933-FD37-4292-ACFC-DC55930F582F}.Debug|iPhoneSimulator.ActiveCfg = Debug|Any CPU
		{E2D97933-FD37-4292-ACFC-DC55930F582F}.Debug|iPhoneSimulator.Build.0 = Debug|Any CPU
		{E2D97933-FD37-4292-ACFC-DC55930F582F}.Debug|iPhoneSimulator.Deploy.0 = Debug|Any CPU
		{E2D97933-FD37-4292-ACFC-DC55930F582F}.Release|Any CPU.ActiveCfg = Release|Any CPU
		{E2D97933-FD37-4292-ACFC-DC55930F582F}.Release|Any CPU.Build.0 = Release|Any CPU
		{E2D97933-FD37-4292-ACFC-DC55930F582F}.Release|Any CPU.Deploy.0 = Release|Any CPU
		{E2D97933-FD37-4292-ACFC-DC55930F582F}.Release|iPhone.ActiveCfg = Release|Any CPU
		{E2D97933-FD37-4292-ACFC-DC55930F582F}.Release|iPhone.Build.0 = Release|Any CPU
		{E2D97933-FD37-4292-ACFC-DC55930F582F}.Release|iPhone.Deploy.0 = Release|Any CPU
		{E2D97933-FD37-4292-ACFC-DC55930F582F}.Release|iPhoneSimulator.ActiveCfg = Release|Any CPU
		{E2D97933-FD37-4292-ACFC-DC55930F582F}.Release|iPhoneSimulator.Build.0 = Release|Any CPU
		{E2D97933-FD37-4292-ACFC-DC55930F582F}.Release|iPhoneSimulator.Deploy.0 = Release|Any CPU
	EndGlobalSection
	GlobalSection(SolutionProperties) = preSolution
		HideSolutionNode = FALSE
	EndGlobalSection
	GlobalSection(ExtensibilityGlobals) = postSolution
		SolutionGuid = {9AC67EF2-398C-4445-8CA0-7C35A046E60E}
	EndGlobalSection
EndGlobal
